// !$*UTF8*$!
{
	archiveVersion = 1;
	classes = {
	};
	objectVersion = 46;
	objects = {

/* Begin PBXBuildFile section */
		BDF0A83420B44CCD880A36CF /* libPods-iSnippetClient.a in Frameworks */ = {isa = PBXBuildFile; fileRef = 0B091B4EE14B4ED5ABD363D7 /* libPods-iSnippetClient.a */; };
		EC5DAC9F19A68CFB00556000 /* Foundation.framework in Frameworks */ = {isa = PBXBuildFile; fileRef = EC5DAC9E19A68CFB00556000 /* Foundation.framework */; };
		EC5DACA119A68CFB00556000 /* CoreGraphics.framework in Frameworks */ = {isa = PBXBuildFile; fileRef = EC5DACA019A68CFB00556000 /* CoreGraphics.framework */; };
		EC5DACA319A68CFB00556000 /* UIKit.framework in Frameworks */ = {isa = PBXBuildFile; fileRef = EC5DACA219A68CFB00556000 /* UIKit.framework */; };
		EC5DACA519A68CFB00556000 /* CoreData.framework in Frameworks */ = {isa = PBXBuildFile; fileRef = EC5DACA419A68CFB00556000 /* CoreData.framework */; };
		EC5DACAB19A68CFB00556000 /* InfoPlist.strings in Resources */ = {isa = PBXBuildFile; fileRef = EC5DACA919A68CFB00556000 /* InfoPlist.strings */; };
		EC5DACAD19A68CFB00556000 /* main.m in Sources */ = {isa = PBXBuildFile; fileRef = EC5DACAC19A68CFB00556000 /* main.m */; };
		EC5DACB119A68CFB00556000 /* RSClientAppDelegate.m in Sources */ = {isa = PBXBuildFile; fileRef = EC5DACB019A68CFB00556000 /* RSClientAppDelegate.m */; };
		EC5DACB419A68CFB00556000 /* iSnippetClient.xcdatamodeld in Sources */ = {isa = PBXBuildFile; fileRef = EC5DACB219A68CFB00556000 /* iSnippetClient.xcdatamodeld */; };
		EC5DACB619A68CFB00556000 /* Images.xcassets in Resources */ = {isa = PBXBuildFile; fileRef = EC5DACB519A68CFB00556000 /* Images.xcassets */; };
		EC5DACBD19A68CFB00556000 /* XCTest.framework in Frameworks */ = {isa = PBXBuildFile; fileRef = EC5DACBC19A68CFB00556000 /* XCTest.framework */; };
		EC5DACBE19A68CFB00556000 /* Foundation.framework in Frameworks */ = {isa = PBXBuildFile; fileRef = EC5DAC9E19A68CFB00556000 /* Foundation.framework */; };
		EC5DACBF19A68CFB00556000 /* UIKit.framework in Frameworks */ = {isa = PBXBuildFile; fileRef = EC5DACA219A68CFB00556000 /* UIKit.framework */; };
		EC5DACC019A68CFB00556000 /* CoreData.framework in Frameworks */ = {isa = PBXBuildFile; fileRef = EC5DACA419A68CFB00556000 /* CoreData.framework */; };
		EC5DACC819A68CFB00556000 /* InfoPlist.strings in Resources */ = {isa = PBXBuildFile; fileRef = EC5DACC619A68CFB00556000 /* InfoPlist.strings */; };
		EC5DACCA19A68CFB00556000 /* iSnippetClientTests.m in Sources */ = {isa = PBXBuildFile; fileRef = EC5DACC919A68CFB00556000 /* iSnippetClientTests.m */; };
		EC5DACDE19A6923300556000 /* SCModel.m in Sources */ = {isa = PBXBuildFile; fileRef = EC5DACDD19A6923300556000 /* SCModel.m */; };
		EC5DACE219A6926D00556000 /* SCUser.m in Sources */ = {isa = PBXBuildFile; fileRef = EC5DACE119A6926D00556000 /* SCUser.m */; };
		EC5DACE619A69C8700556000 /* SCModelDetailed.m in Sources */ = {isa = PBXBuildFile; fileRef = EC5DACE519A69C8700556000 /* SCModelDetailed.m */; };
		EC5DACEA19A6A15D00556000 /* SCSharedClient.m in Sources */ = {isa = PBXBuildFile; fileRef = EC5DACE919A6A15D00556000 /* SCSharedClient.m */; };
		ECA2206419AB9D27000F4AA9 /* SCSnippetsViewController.m in Sources */ = {isa = PBXBuildFile; fileRef = ECA2206319AB9D27000F4AA9 /* SCSnippetsViewController.m */; };
		ECA2206719ABACE4000F4AA9 /* SCApplicationController.m in Sources */ = {isa = PBXBuildFile; fileRef = ECA2206619ABACE4000F4AA9 /* SCApplicationController.m */; };
		ECA25B7D19A7A38B0092F350 /* SCSnippet.m in Sources */ = {isa = PBXBuildFile; fileRef = ECA25B7C19A7A38B0092F350 /* SCSnippet.m */; };
		ECA25B8219A7E34C0092F350 /* SCSnippets.m in Sources */ = {isa = PBXBuildFile; fileRef = ECA25B8119A7E34C0092F350 /* SCSnippets.m */; };
		ECA25B8819A7E5350092F350 /* SCModelCollection.m in Sources */ = {isa = PBXBuildFile; fileRef = ECA25B8719A7E5350092F350 /* SCModelCollection.m */; };
		ECA25B8B19A7F2B40092F350 /* SCUsers.m in Sources */ = {isa = PBXBuildFile; fileRef = ECA25B8A19A7F2B40092F350 /* SCUsers.m */; };
		ECA25B9219A7F4BD0092F350 /* SCSnippetViewModel.m in Sources */ = {isa = PBXBuildFile; fileRef = ECA25B9119A7F4BD0092F350 /* SCSnippetViewModel.m */; };
		ECA25B9519A7F8FE0092F350 /* SCSnippetsViewModel.m in Sources */ = {isa = PBXBuildFile; fileRef = ECA25B9419A7F8FE0092F350 /* SCSnippetsViewModel.m */; };
		ECA25B9819A7FDAE0092F350 /* SCUserViewModel.m in Sources */ = {isa = PBXBuildFile; fileRef = ECA25B9719A7FDAE0092F350 /* SCUserViewModel.m */; };
		ECA25B9B19A8046C0092F350 /* SCUsersViewModel.m in Sources */ = {isa = PBXBuildFile; fileRef = ECA25B9A19A8046C0092F350 /* SCUsersViewModel.m */; };
		ECA4DA3319AB8605001AB2D4 /* Main.storyboard in Resources */ = {isa = PBXBuildFile; fileRef = ECA4DA3219AB8605001AB2D4 /* Main.storyboard */; };
		ECD601EF19ACE20F008BCC87 /* SCSharedNotificationManager.m in Sources */ = {isa = PBXBuildFile; fileRef = ECD601EE19ACE20F008BCC87 /* SCSharedNotificationManager.m */; };
/* End PBXBuildFile section */

/* Begin PBXContainerItemProxy section */
		EC5DACC119A68CFB00556000 /* PBXContainerItemProxy */ = {
			isa = PBXContainerItemProxy;
			containerPortal = EC5DAC9319A68CFB00556000 /* Project object */;
			proxyType = 1;
			remoteGlobalIDString = EC5DAC9A19A68CFB00556000;
			remoteInfo = iSnippetClient;
		};
/* End PBXContainerItemProxy section */

/* Begin PBXFileReference section */
		0B091B4EE14B4ED5ABD363D7 /* libPods-iSnippetClient.a */ = {isa = PBXFileReference; explicitFileType = archive.ar; includeInIndex = 0; path = "libPods-iSnippetClient.a"; sourceTree = BUILT_PRODUCTS_DIR; };
		4D71ABE2CB85458186F15833 /* Pods-iSnippetClient.xcconfig */ = {isa = PBXFileReference; includeInIndex = 1; lastKnownFileType = text.xcconfig; name = "Pods-iSnippetClient.xcconfig"; path = "Pods/Pods-iSnippetClient.xcconfig"; sourceTree = "<group>"; };
		EC5DAC9B19A68CFB00556000 /* iSnippetClient.app */ = {isa = PBXFileReference; explicitFileType = wrapper.application; includeInIndex = 0; path = iSnippetClient.app; sourceTree = BUILT_PRODUCTS_DIR; };
		EC5DAC9E19A68CFB00556000 /* Foundation.framework */ = {isa = PBXFileReference; lastKnownFileType = wrapper.framework; name = Foundation.framework; path = System/Library/Frameworks/Foundation.framework; sourceTree = SDKROOT; };
		EC5DACA019A68CFB00556000 /* CoreGraphics.framework */ = {isa = PBXFileReference; lastKnownFileType = wrapper.framework; name = CoreGraphics.framework; path = System/Library/Frameworks/CoreGraphics.framework; sourceTree = SDKROOT; };
		EC5DACA219A68CFB00556000 /* UIKit.framework */ = {isa = PBXFileReference; lastKnownFileType = wrapper.framework; name = UIKit.framework; path = System/Library/Frameworks/UIKit.framework; sourceTree = SDKROOT; };
		EC5DACA419A68CFB00556000 /* CoreData.framework */ = {isa = PBXFileReference; lastKnownFileType = wrapper.framework; name = CoreData.framework; path = System/Library/Frameworks/CoreData.framework; sourceTree = SDKROOT; };
		EC5DACA819A68CFB00556000 /* iSnippetClient-Info.plist */ = {isa = PBXFileReference; lastKnownFileType = text.plist.xml; path = "iSnippetClient-Info.plist"; sourceTree = "<group>"; };
		EC5DACAA19A68CFB00556000 /* en */ = {isa = PBXFileReference; lastKnownFileType = text.plist.strings; name = en; path = en.lproj/InfoPlist.strings; sourceTree = "<group>"; };
		EC5DACAC19A68CFB00556000 /* main.m */ = {isa = PBXFileReference; lastKnownFileType = sourcecode.c.objc; path = main.m; sourceTree = "<group>"; };
		EC5DACAE19A68CFB00556000 /* iSnippetClient-Prefix.pch */ = {isa = PBXFileReference; lastKnownFileType = sourcecode.c.h; path = "iSnippetClient-Prefix.pch"; sourceTree = "<group>"; };
		EC5DACAF19A68CFB00556000 /* RSClientAppDelegate.h */ = {isa = PBXFileReference; lastKnownFileType = sourcecode.c.h; path = RSClientAppDelegate.h; sourceTree = "<group>"; };
		EC5DACB019A68CFB00556000 /* RSClientAppDelegate.m */ = {isa = PBXFileReference; lastKnownFileType = sourcecode.c.objc; path = RSClientAppDelegate.m; sourceTree = "<group>"; };
		EC5DACB319A68CFB00556000 /* iSnippetClient.xcdatamodel */ = {isa = PBXFileReference; lastKnownFileType = wrapper.xcdatamodel; path = iSnippetClient.xcdatamodel; sourceTree = "<group>"; };
		EC5DACB519A68CFB00556000 /* Images.xcassets */ = {isa = PBXFileReference; lastKnownFileType = folder.assetcatalog; path = Images.xcassets; sourceTree = "<group>"; };
		EC5DACBB19A68CFB00556000 /* iSnippetClientTests.xctest */ = {isa = PBXFileReference; explicitFileType = wrapper.cfbundle; includeInIndex = 0; path = iSnippetClientTests.xctest; sourceTree = BUILT_PRODUCTS_DIR; };
		EC5DACBC19A68CFB00556000 /* XCTest.framework */ = {isa = PBXFileReference; lastKnownFileType = wrapper.framework; name = XCTest.framework; path = Library/Frameworks/XCTest.framework; sourceTree = DEVELOPER_DIR; };
		EC5DACC519A68CFB00556000 /* iSnippetClientTests-Info.plist */ = {isa = PBXFileReference; lastKnownFileType = text.plist.xml; path = "iSnippetClientTests-Info.plist"; sourceTree = "<group>"; };
		EC5DACC719A68CFB00556000 /* en */ = {isa = PBXFileReference; lastKnownFileType = text.plist.strings; name = en; path = en.lproj/InfoPlist.strings; sourceTree = "<group>"; };
		EC5DACC919A68CFB00556000 /* iSnippetClientTests.m */ = {isa = PBXFileReference; lastKnownFileType = sourcecode.c.objc; path = iSnippetClientTests.m; sourceTree = "<group>"; };
		EC5DACDC19A6923300556000 /* SCModel.h */ = {isa = PBXFileReference; fileEncoding = 4; lastKnownFileType = sourcecode.c.h; name = SCModel.h; path = Classes/Models/SCModel.h; sourceTree = "<group>"; };
		EC5DACDD19A6923300556000 /* SCModel.m */ = {isa = PBXFileReference; fileEncoding = 4; lastKnownFileType = sourcecode.c.objc; name = SCModel.m; path = Classes/Models/SCModel.m; sourceTree = "<group>"; };
		EC5DACE019A6926D00556000 /* SCUser.h */ = {isa = PBXFileReference; fileEncoding = 4; lastKnownFileType = sourcecode.c.h; name = SCUser.h; path = Classes/Models/SCUser/SCUser.h; sourceTree = "<group>"; };
		EC5DACE119A6926D00556000 /* SCUser.m */ = {isa = PBXFileReference; fileEncoding = 4; lastKnownFileType = sourcecode.c.objc; name = SCUser.m; path = Classes/Models/SCUser/SCUser.m; sourceTree = "<group>"; };
		EC5DACE419A69C8700556000 /* SCModelDetailed.h */ = {isa = PBXFileReference; fileEncoding = 4; lastKnownFileType = sourcecode.c.h; name = SCModelDetailed.h; path = Classes/Models/SCModelDetailed.h; sourceTree = "<group>"; };
		EC5DACE519A69C8700556000 /* SCModelDetailed.m */ = {isa = PBXFileReference; fileEncoding = 4; lastKnownFileType = sourcecode.c.objc; name = SCModelDetailed.m; path = Classes/Models/SCModelDetailed.m; sourceTree = "<group>"; };
		EC5DACE819A6A15D00556000 /* SCSharedClient.h */ = {isa = PBXFileReference; fileEncoding = 4; lastKnownFileType = sourcecode.c.h; name = SCSharedClient.h; path = Classes/Shared/SCSharedClient.h; sourceTree = "<group>"; };
		EC5DACE919A6A15D00556000 /* SCSharedClient.m */ = {isa = PBXFileReference; fileEncoding = 4; lastKnownFileType = sourcecode.c.objc; name = SCSharedClient.m; path = Classes/Shared/SCSharedClient.m; sourceTree = "<group>"; };
		ECA2206219AB9D27000F4AA9 /* SCSnippetsViewController.h */ = {isa = PBXFileReference; fileEncoding = 4; lastKnownFileType = sourcecode.c.h; name = SCSnippetsViewController.h; path = Classes/Controllers/SCSnippetsViewController.h; sourceTree = "<group>"; };
		ECA2206319AB9D27000F4AA9 /* SCSnippetsViewController.m */ = {isa = PBXFileReference; fileEncoding = 4; lastKnownFileType = sourcecode.c.objc; name = SCSnippetsViewController.m; path = Classes/Controllers/SCSnippetsViewController.m; sourceTree = "<group>"; };
		ECA2206519ABACE4000F4AA9 /* SCApplicationController.h */ = {isa = PBXFileReference; fileEncoding = 4; lastKnownFileType = sourcecode.c.h; name = SCApplicationController.h; path = Classes/Controllers/SCApplicationController.h; sourceTree = "<group>"; };
		ECA2206619ABACE4000F4AA9 /* SCApplicationController.m */ = {isa = PBXFileReference; fileEncoding = 4; lastKnownFileType = sourcecode.c.objc; name = SCApplicationController.m; path = Classes/Controllers/SCApplicationController.m; sourceTree = "<group>"; };
		ECA25B7B19A7A38B0092F350 /* SCSnippet.h */ = {isa = PBXFileReference; fileEncoding = 4; lastKnownFileType = sourcecode.c.h; name = SCSnippet.h; path = Classes/Models/SCSnippet/SCSnippet.h; sourceTree = "<group>"; };
		ECA25B7C19A7A38B0092F350 /* SCSnippet.m */ = {isa = PBXFileReference; fileEncoding = 4; lastKnownFileType = sourcecode.c.objc; name = SCSnippet.m; path = Classes/Models/SCSnippet/SCSnippet.m; sourceTree = "<group>"; };
		ECA25B8019A7E34C0092F350 /* SCSnippets.h */ = {isa = PBXFileReference; fileEncoding = 4; lastKnownFileType = sourcecode.c.h; name = SCSnippets.h; path = Classes/Models/SCSnippet/SCSnippets.h; sourceTree = "<group>"; };
		ECA25B8119A7E34C0092F350 /* SCSnippets.m */ = {isa = PBXFileReference; fileEncoding = 4; lastKnownFileType = sourcecode.c.objc; name = SCSnippets.m; path = Classes/Models/SCSnippet/SCSnippets.m; sourceTree = "<group>"; };
		ECA25B8619A7E5350092F350 /* SCModelCollection.h */ = {isa = PBXFileReference; fileEncoding = 4; lastKnownFileType = sourcecode.c.h; name = SCModelCollection.h; path = Classes/Models/SCModelCollection.h; sourceTree = "<group>"; };
		ECA25B8719A7E5350092F350 /* SCModelCollection.m */ = {isa = PBXFileReference; fileEncoding = 4; lastKnownFileType = sourcecode.c.objc; name = SCModelCollection.m; path = Classes/Models/SCModelCollection.m; sourceTree = "<group>"; };
		ECA25B8919A7F2B40092F350 /* SCUsers.h */ = {isa = PBXFileReference; fileEncoding = 4; lastKnownFileType = sourcecode.c.h; name = SCUsers.h; path = Classes/Models/SCUser/SCUsers.h; sourceTree = "<group>"; };
		ECA25B8A19A7F2B40092F350 /* SCUsers.m */ = {isa = PBXFileReference; fileEncoding = 4; lastKnownFileType = sourcecode.c.objc; name = SCUsers.m; path = Classes/Models/SCUser/SCUsers.m; sourceTree = "<group>"; };
		ECA25B9019A7F4BD0092F350 /* SCSnippetViewModel.h */ = {isa = PBXFileReference; fileEncoding = 4; lastKnownFileType = sourcecode.c.h; name = SCSnippetViewModel.h; path = Classes/ViewModels/Snippets/SCSnippetViewModel.h; sourceTree = "<group>"; };
		ECA25B9119A7F4BD0092F350 /* SCSnippetViewModel.m */ = {isa = PBXFileReference; fileEncoding = 4; lastKnownFileType = sourcecode.c.objc; name = SCSnippetViewModel.m; path = Classes/ViewModels/Snippets/SCSnippetViewModel.m; sourceTree = "<group>"; };
		ECA25B9319A7F8FE0092F350 /* SCSnippetsViewModel.h */ = {isa = PBXFileReference; fileEncoding = 4; lastKnownFileType = sourcecode.c.h; name = SCSnippetsViewModel.h; path = Classes/ViewModels/Snippets/SCSnippetsViewModel.h; sourceTree = "<group>"; };
		ECA25B9419A7F8FE0092F350 /* SCSnippetsViewModel.m */ = {isa = PBXFileReference; fileEncoding = 4; lastKnownFileType = sourcecode.c.objc; name = SCSnippetsViewModel.m; path = Classes/ViewModels/Snippets/SCSnippetsViewModel.m; sourceTree = "<group>"; };
		ECA25B9619A7FDAE0092F350 /* SCUserViewModel.h */ = {isa = PBXFileReference; fileEncoding = 4; lastKnownFileType = sourcecode.c.h; name = SCUserViewModel.h; path = Classes/ViewModels/SCUsers/SCUserViewModel.h; sourceTree = "<group>"; };
		ECA25B9719A7FDAE0092F350 /* SCUserViewModel.m */ = {isa = PBXFileReference; fileEncoding = 4; lastKnownFileType = sourcecode.c.objc; name = SCUserViewModel.m; path = Classes/ViewModels/SCUsers/SCUserViewModel.m; sourceTree = "<group>"; };
		ECA25B9919A8046C0092F350 /* SCUsersViewModel.h */ = {isa = PBXFileReference; fileEncoding = 4; lastKnownFileType = sourcecode.c.h; name = SCUsersViewModel.h; path = Classes/ViewModels/SCUsers/SCUsersViewModel.h; sourceTree = "<group>"; };
		ECA25B9A19A8046C0092F350 /* SCUsersViewModel.m */ = {isa = PBXFileReference; fileEncoding = 4; lastKnownFileType = sourcecode.c.objc; name = SCUsersViewModel.m; path = Classes/ViewModels/SCUsers/SCUsersViewModel.m; sourceTree = "<group>"; };
		ECA4DA3219AB8605001AB2D4 /* Main.storyboard */ = {isa = PBXFileReference; fileEncoding = 4; lastKnownFileType = file.storyboard; name = Main.storyboard; path = Storyboard/Main.storyboard; sourceTree = "<group>"; };
		ECD601ED19ACE20F008BCC87 /* SCSharedNotificationManager.h */ = {isa = PBXFileReference; fileEncoding = 4; lastKnownFileType = sourcecode.c.h; name = SCSharedNotificationManager.h; path = Classes/Shared/SCSharedNotificationManager.h; sourceTree = "<group>"; };
		ECD601EE19ACE20F008BCC87 /* SCSharedNotificationManager.m */ = {isa = PBXFileReference; fileEncoding = 4; lastKnownFileType = sourcecode.c.objc; name = SCSharedNotificationManager.m; path = Classes/Shared/SCSharedNotificationManager.m; sourceTree = "<group>"; };
/* End PBXFileReference section */

/* Begin PBXFrameworksBuildPhase section */
		EC5DAC9819A68CFB00556000 /* Frameworks */ = {
			isa = PBXFrameworksBuildPhase;
			buildActionMask = 2147483647;
			files = (
				EC5DACA119A68CFB00556000 /* CoreGraphics.framework in Frameworks */,
				EC5DACA519A68CFB00556000 /* CoreData.framework in Frameworks */,
				EC5DACA319A68CFB00556000 /* UIKit.framework in Frameworks */,
				EC5DAC9F19A68CFB00556000 /* Foundation.framework in Frameworks */,
				BDF0A83420B44CCD880A36CF /* libPods-iSnippetClient.a in Frameworks */,
			);
			runOnlyForDeploymentPostprocessing = 0;
		};
		EC5DACB819A68CFB00556000 /* Frameworks */ = {
			isa = PBXFrameworksBuildPhase;
			buildActionMask = 2147483647;
			files = (
				EC5DACBD19A68CFB00556000 /* XCTest.framework in Frameworks */,
				EC5DACC019A68CFB00556000 /* CoreData.framework in Frameworks */,
				EC5DACBF19A68CFB00556000 /* UIKit.framework in Frameworks */,
				EC5DACBE19A68CFB00556000 /* Foundation.framework in Frameworks */,
			);
			runOnlyForDeploymentPostprocessing = 0;
		};
/* End PBXFrameworksBuildPhase section */

/* Begin PBXGroup section */
		EC5DAC9219A68CFB00556000 = {
			isa = PBXGroup;
			children = (
				EC5DACA619A68CFB00556000 /* iSnippetClient */,
				EC5DACC319A68CFB00556000 /* iSnippetClientTests */,
				EC5DAC9D19A68CFB00556000 /* Frameworks */,
				EC5DAC9C19A68CFB00556000 /* Products */,
				4D71ABE2CB85458186F15833 /* Pods-iSnippetClient.xcconfig */,
			);
			sourceTree = "<group>";
		};
		EC5DAC9C19A68CFB00556000 /* Products */ = {
			isa = PBXGroup;
			children = (
				EC5DAC9B19A68CFB00556000 /* iSnippetClient.app */,
				EC5DACBB19A68CFB00556000 /* iSnippetClientTests.xctest */,
			);
			name = Products;
			sourceTree = "<group>";
		};
		EC5DAC9D19A68CFB00556000 /* Frameworks */ = {
			isa = PBXGroup;
			children = (
				EC5DAC9E19A68CFB00556000 /* Foundation.framework */,
				EC5DACA019A68CFB00556000 /* CoreGraphics.framework */,
				EC5DACA219A68CFB00556000 /* UIKit.framework */,
				EC5DACA419A68CFB00556000 /* CoreData.framework */,
				EC5DACBC19A68CFB00556000 /* XCTest.framework */,
				0B091B4EE14B4ED5ABD363D7 /* libPods-iSnippetClient.a */,
			);
			name = Frameworks;
			sourceTree = "<group>";
		};
		EC5DACA619A68CFB00556000 /* iSnippetClient */ = {
			isa = PBXGroup;
			children = (
				ECA25B8C19A7F3990092F350 /* Views */,
				ECA25B8D19A7F3A00092F350 /* ViewModels */,
				EC5DACE719A6A01C00556000 /* Shared */,
				EC5DACD519A68E3000556000 /* Controllers */,
				EC5DACD319A68D0600556000 /* Models */,
				EC5DACAF19A68CFB00556000 /* RSClientAppDelegate.h */,
				EC5DACB019A68CFB00556000 /* RSClientAppDelegate.m */,
				EC5DACB519A68CFB00556000 /* Images.xcassets */,
				EC5DACB219A68CFB00556000 /* iSnippetClient.xcdatamodeld */,
				EC5DACA719A68CFB00556000 /* Supporting Files */,
			);
			path = iSnippetClient;
			sourceTree = "<group>";
		};
		EC5DACA719A68CFB00556000 /* Supporting Files */ = {
			isa = PBXGroup;
			children = (
				EC5DACA819A68CFB00556000 /* iSnippetClient-Info.plist */,
				EC5DACA919A68CFB00556000 /* InfoPlist.strings */,
				EC5DACAC19A68CFB00556000 /* main.m */,
				EC5DACAE19A68CFB00556000 /* iSnippetClient-Prefix.pch */,
			);
			name = "Supporting Files";
			sourceTree = "<group>";
		};
		EC5DACC319A68CFB00556000 /* iSnippetClientTests */ = {
			isa = PBXGroup;
			children = (
				EC5DACC919A68CFB00556000 /* iSnippetClientTests.m */,
				EC5DACC419A68CFB00556000 /* Supporting Files */,
			);
			path = iSnippetClientTests;
			sourceTree = "<group>";
		};
		EC5DACC419A68CFB00556000 /* Supporting Files */ = {
			isa = PBXGroup;
			children = (
				EC5DACC519A68CFB00556000 /* iSnippetClientTests-Info.plist */,
				EC5DACC619A68CFB00556000 /* InfoPlist.strings */,
			);
			name = "Supporting Files";
			sourceTree = "<group>";
		};
		EC5DACD319A68D0600556000 /* Models */ = {
			isa = PBXGroup;
			children = (
				ECA25B7E19A7DF180092F350 /* Snippet */,
				EC5DACE319A69C3D00556000 /* Abstracts */,
				EC5DACDF19A6925100556000 /* User */,
			);
			name = Models;
			sourceTree = "<group>";
		};
		EC5DACD519A68E3000556000 /* Controllers */ = {
			isa = PBXGroup;
			children = (
				ECA2206219AB9D27000F4AA9 /* SCSnippetsViewController.h */,
				ECA2206319AB9D27000F4AA9 /* SCSnippetsViewController.m */,
				ECA2206519ABACE4000F4AA9 /* SCApplicationController.h */,
				ECA2206619ABACE4000F4AA9 /* SCApplicationController.m */,
			);
			name = Controllers;
			sourceTree = "<group>";
		};
		EC5DACDF19A6925100556000 /* User */ = {
			isa = PBXGroup;
			children = (
				EC5DACE019A6926D00556000 /* SCUser.h */,
				EC5DACE119A6926D00556000 /* SCUser.m */,
				ECA25B8919A7F2B40092F350 /* SCUsers.h */,
				ECA25B8A19A7F2B40092F350 /* SCUsers.m */,
			);
			name = User;
			sourceTree = "<group>";
		};
		EC5DACE319A69C3D00556000 /* Abstracts */ = {
			isa = PBXGroup;
			children = (
				EC5DACDC19A6923300556000 /* SCModel.h */,
				EC5DACDD19A6923300556000 /* SCModel.m */,
				EC5DACE419A69C8700556000 /* SCModelDetailed.h */,
				EC5DACE519A69C8700556000 /* SCModelDetailed.m */,
				ECA25B8619A7E5350092F350 /* SCModelCollection.h */,
				ECA25B8719A7E5350092F350 /* SCModelCollection.m */,
			);
			name = Abstracts;
			sourceTree = "<group>";
		};
		EC5DACE719A6A01C00556000 /* Shared */ = {
			isa = PBXGroup;
			children = (
				EC5DACE819A6A15D00556000 /* SCSharedClient.h */,
				EC5DACE919A6A15D00556000 /* SCSharedClient.m */,
				ECD601ED19ACE20F008BCC87 /* SCSharedNotificationManager.h */,
				ECD601EE19ACE20F008BCC87 /* SCSharedNotificationManager.m */,
			);
			name = Shared;
			sourceTree = "<group>";
		};
		ECA25B7E19A7DF180092F350 /* Snippet */ = {
			isa = PBXGroup;
			children = (
				ECA25B7B19A7A38B0092F350 /* SCSnippet.h */,
				ECA25B7C19A7A38B0092F350 /* SCSnippet.m */,
				ECA25B8019A7E34C0092F350 /* SCSnippets.h */,
				ECA25B8119A7E34C0092F350 /* SCSnippets.m */,
			);
			name = Snippet;
			sourceTree = "<group>";
		};
		ECA25B8C19A7F3990092F350 /* Views */ = {
			isa = PBXGroup;
			children = (
				ECA4DA3219AB8605001AB2D4 /* Main.storyboard */,
			);
			name = Views;
			sourceTree = "<group>";
		};
		ECA25B8D19A7F3A00092F350 /* ViewModels */ = {
			isa = PBXGroup;
			children = (
				ECA25B8F19A7F4540092F350 /* Users */,
				ECA25B8E19A7F44D0092F350 /* Snippets */,
			);
			name = ViewModels;
			sourceTree = "<group>";
		};
		ECA25B8E19A7F44D0092F350 /* Snippets */ = {
			isa = PBXGroup;
			children = (
				ECA25B9019A7F4BD0092F350 /* SCSnippetViewModel.h */,
				ECA25B9119A7F4BD0092F350 /* SCSnippetViewModel.m */,
				ECA25B9319A7F8FE0092F350 /* SCSnippetsViewModel.h */,
				ECA25B9419A7F8FE0092F350 /* SCSnippetsViewModel.m */,
			);
			name = Snippets;
			sourceTree = "<group>";
		};
		ECA25B8F19A7F4540092F350 /* Users */ = {
			isa = PBXGroup;
			children = (
				ECA25B9619A7FDAE0092F350 /* SCUserViewModel.h */,
				ECA25B9719A7FDAE0092F350 /* SCUserViewModel.m */,
				ECA25B9919A8046C0092F350 /* SCUsersViewModel.h */,
				ECA25B9A19A8046C0092F350 /* SCUsersViewModel.m */,
			);
			name = Users;
			sourceTree = "<group>";
		};
/* End PBXGroup section */

/* Begin PBXNativeTarget section */
		EC5DAC9A19A68CFB00556000 /* iSnippetClient */ = {
			isa = PBXNativeTarget;
			buildConfigurationList = EC5DACCD19A68CFB00556000 /* Build configuration list for PBXNativeTarget "iSnippetClient" */;
			buildPhases = (
				F89F27CE378748F58C2A0BAD /* Check Pods Manifest.lock */,
				EC5DAC9719A68CFB00556000 /* Sources */,
				EC5DAC9819A68CFB00556000 /* Frameworks */,
				EC5DAC9919A68CFB00556000 /* Resources */,
				3B97201B3CBC4EA096DEF7CA /* Copy Pods Resources */,
			);
			buildRules = (
			);
			dependencies = (
			);
			name = iSnippetClient;
			productName = iSnippetClient;
			productReference = EC5DAC9B19A68CFB00556000 /* iSnippetClient.app */;
			productType = "com.apple.product-type.application";
		};
		EC5DACBA19A68CFB00556000 /* iSnippetClientTests */ = {
			isa = PBXNativeTarget;
			buildConfigurationList = EC5DACD019A68CFB00556000 /* Build configuration list for PBXNativeTarget "iSnippetClientTests" */;
			buildPhases = (
				EC5DACB719A68CFB00556000 /* Sources */,
				EC5DACB819A68CFB00556000 /* Frameworks */,
				EC5DACB919A68CFB00556000 /* Resources */,
			);
			buildRules = (
			);
			dependencies = (
				EC5DACC219A68CFB00556000 /* PBXTargetDependency */,
			);
			name = iSnippetClientTests;
			productName = iSnippetClientTests;
			productReference = EC5DACBB19A68CFB00556000 /* iSnippetClientTests.xctest */;
			productType = "com.apple.product-type.bundle.unit-test";
		};
/* End PBXNativeTarget section */

/* Begin PBXProject section */
		EC5DAC9319A68CFB00556000 /* Project object */ = {
			isa = PBXProject;
			attributes = {
				CLASSPREFIX = RSClient;
				LastUpgradeCheck = 0510;
				ORGANIZATIONNAME = rscnt;
				TargetAttributes = {
					EC5DACBA19A68CFB00556000 = {
						TestTargetID = EC5DAC9A19A68CFB00556000;
					};
				};
			};
			buildConfigurationList = EC5DAC9619A68CFB00556000 /* Build configuration list for PBXProject "iSnippetClient" */;
			compatibilityVersion = "Xcode 3.2";
			developmentRegion = English;
			hasScannedForEncodings = 0;
			knownRegions = (
				en,
			);
			mainGroup = EC5DAC9219A68CFB00556000;
			productRefGroup = EC5DAC9C19A68CFB00556000 /* Products */;
			projectDirPath = "";
			projectRoot = "";
			targets = (
				EC5DAC9A19A68CFB00556000 /* iSnippetClient */,
				EC5DACBA19A68CFB00556000 /* iSnippetClientTests */,
			);
		};
/* End PBXProject section */

/* Begin PBXResourcesBuildPhase section */
		EC5DAC9919A68CFB00556000 /* Resources */ = {
			isa = PBXResourcesBuildPhase;
			buildActionMask = 2147483647;
			files = (
				EC5DACAB19A68CFB00556000 /* InfoPlist.strings in Resources */,
				EC5DACB619A68CFB00556000 /* Images.xcassets in Resources */,
				ECA4DA3319AB8605001AB2D4 /* Main.storyboard in Resources */,
			);
			runOnlyForDeploymentPostprocessing = 0;
		};
		EC5DACB919A68CFB00556000 /* Resources */ = {
			isa = PBXResourcesBuildPhase;
			buildActionMask = 2147483647;
			files = (
				EC5DACC819A68CFB00556000 /* InfoPlist.strings in Resources */,
			);
			runOnlyForDeploymentPostprocessing = 0;
		};
/* End PBXResourcesBuildPhase section */

/* Begin PBXShellScriptBuildPhase section */
		3B97201B3CBC4EA096DEF7CA /* Copy Pods Resources */ = {
			isa = PBXShellScriptBuildPhase;
			buildActionMask = 2147483647;
			files = (
			);
			inputPaths = (
			);
			name = "Copy Pods Resources";
			outputPaths = (
			);
			runOnlyForDeploymentPostprocessing = 0;
			shellPath = /bin/sh;
			shellScript = "\"${SRCROOT}/Pods/Pods-iSnippetClient-resources.sh\"\n";
			showEnvVarsInLog = 0;
		};
		F89F27CE378748F58C2A0BAD /* Check Pods Manifest.lock */ = {
			isa = PBXShellScriptBuildPhase;
			buildActionMask = 2147483647;
			files = (
			);
			inputPaths = (
			);
			name = "Check Pods Manifest.lock";
			outputPaths = (
			);
			runOnlyForDeploymentPostprocessing = 0;
			shellPath = /bin/sh;
			shellScript = "diff \"${PODS_ROOT}/../Podfile.lock\" \"${PODS_ROOT}/Manifest.lock\" > /dev/null\nif [[ $? != 0 ]] ; then\n    cat << EOM\nerror: The sandbox is not in sync with the Podfile.lock. Run 'pod install' or update your CocoaPods installation.\nEOM\n    exit 1\nfi\n";
			showEnvVarsInLog = 0;
		};
/* End PBXShellScriptBuildPhase section */

/* Begin PBXSourcesBuildPhase section */
		EC5DAC9719A68CFB00556000 /* Sources */ = {
			isa = PBXSourcesBuildPhase;
			buildActionMask = 2147483647;
			files = (
				ECA2206719ABACE4000F4AA9 /* SCApplicationController.m in Sources */,
				ECA2206419AB9D27000F4AA9 /* SCSnippetsViewController.m in Sources */,
				ECA25B8219A7E34C0092F350 /* SCSnippets.m in Sources */,
				ECD601EF19ACE20F008BCC87 /* SCSharedNotificationManager.m in Sources */,
				ECA25B9819A7FDAE0092F350 /* SCUserViewModel.m in Sources */,
				EC5DACEA19A6A15D00556000 /* SCSharedClient.m in Sources */,
				EC5DACB119A68CFB00556000 /* RSClientAppDelegate.m in Sources */,
				EC5DACE619A69C8700556000 /* SCModelDetailed.m in Sources */,
				EC5DACAD19A68CFB00556000 /* main.m in Sources */,
				ECA25B8819A7E5350092F350 /* SCModelCollection.m in Sources */,
				EC5DACB419A68CFB00556000 /* iSnippetClient.xcdatamodeld in Sources */,
				EC5DACDE19A6923300556000 /* SCModel.m in Sources */,
				ECA25B9219A7F4BD0092F350 /* SCSnippetViewModel.m in Sources */,
				EC5DACE219A6926D00556000 /* SCUser.m in Sources */,
				ECA25B7D19A7A38B0092F350 /* SCSnippet.m in Sources */,
				ECA25B9B19A8046C0092F350 /* SCUsersViewModel.m in Sources */,
				ECA25B8B19A7F2B40092F350 /* SCUsers.m in Sources */,
				ECA25B9519A7F8FE0092F350 /* SCSnippetsViewModel.m in Sources */,
			);
			runOnlyForDeploymentPostprocessing = 0;
		};
		EC5DACB719A68CFB00556000 /* Sources */ = {
			isa = PBXSourcesBuildPhase;
			buildActionMask = 2147483647;
			files = (
				EC5DACCA19A68CFB00556000 /* iSnippetClientTests.m in Sources */,
			);
			runOnlyForDeploymentPostprocessing = 0;
		};
/* End PBXSourcesBuildPhase section */

/* Begin PBXTargetDependency section */
		EC5DACC219A68CFB00556000 /* PBXTargetDependency */ = {
			isa = PBXTargetDependency;
			target = EC5DAC9A19A68CFB00556000 /* iSnippetClient */;
			targetProxy = EC5DACC119A68CFB00556000 /* PBXContainerItemProxy */;
		};
/* End PBXTargetDependency section */

/* Begin PBXVariantGroup section */
		EC5DACA919A68CFB00556000 /* InfoPlist.strings */ = {
			isa = PBXVariantGroup;
			children = (
				EC5DACAA19A68CFB00556000 /* en */,
			);
			name = InfoPlist.strings;
			sourceTree = "<group>";
		};
		EC5DACC619A68CFB00556000 /* InfoPlist.strings */ = {
			isa = PBXVariantGroup;
			children = (
				EC5DACC719A68CFB00556000 /* en */,
			);
			name = InfoPlist.strings;
			sourceTree = "<group>";
		};
/* End PBXVariantGroup section */

/* Begin XCBuildConfiguration section */
		EC5DACCB19A68CFB00556000 /* Debug */ = {
			isa = XCBuildConfiguration;
			buildSettings = {
				ALWAYS_SEARCH_USER_PATHS = NO;
				CLANG_CXX_LANGUAGE_STANDARD = "gnu++0x";
				CLANG_CXX_LIBRARY = "libc++";
				CLANG_ENABLE_MODULES = YES;
				CLANG_ENABLE_OBJC_ARC = YES;
				CLANG_WARN_BOOL_CONVERSION = YES;
				CLANG_WARN_CONSTANT_CONVERSION = YES;
				CLANG_WARN_DIRECT_OBJC_ISA_USAGE = YES_ERROR;
				CLANG_WARN_EMPTY_BODY = YES;
				CLANG_WARN_ENUM_CONVERSION = YES;
				CLANG_WARN_INT_CONVERSION = YES;
				CLANG_WARN_OBJC_ROOT_CLASS = YES_ERROR;
				CLANG_WARN__DUPLICATE_METHOD_MATCH = YES;
				"CODE_SIGN_IDENTITY[sdk=iphoneos*]" = "iPhone Developer";
				COPY_PHASE_STRIP = NO;
				GCC_C_LANGUAGE_STANDARD = gnu99;
				GCC_DYNAMIC_NO_PIC = NO;
				GCC_OPTIMIZATION_LEVEL = 0;
				GCC_PREPROCESSOR_DEFINITIONS = (
					"DEBUG=1",
					"$(inherited)",
				);
				GCC_SYMBOLS_PRIVATE_EXTERN = NO;
				GCC_WARN_64_TO_32_BIT_CONVERSION = YES;
				GCC_WARN_ABOUT_RETURN_TYPE = YES_ERROR;
				GCC_WARN_UNDECLARED_SELECTOR = YES;
				GCC_WARN_UNINITIALIZED_AUTOS = YES_AGGRESSIVE;
				GCC_WARN_UNUSED_FUNCTION = YES;
				GCC_WARN_UNUSED_VARIABLE = YES;
				IPHONEOS_DEPLOYMENT_TARGET = 7.1;
				ONLY_ACTIVE_ARCH = YES;
				SDKROOT = iphoneos;
				TARGETED_DEVICE_FAMILY = 2;
			};
			name = Debug;
		};
		EC5DACCC19A68CFB00556000 /* Release */ = {
			isa = XCBuildConfiguration;
			buildSettings = {
				ALWAYS_SEARCH_USER_PATHS = NO;
				CLANG_CXX_LANGUAGE_STANDARD = "gnu++0x";
				CLANG_CXX_LIBRARY = "libc++";
				CLANG_ENABLE_MODULES = YES;
				CLANG_ENABLE_OBJC_ARC = YES;
				CLANG_WARN_BOOL_CONVERSION = YES;
				CLANG_WARN_CONSTANT_CONVERSION = YES;
				CLANG_WARN_DIRECT_OBJC_ISA_USAGE = YES_ERROR;
				CLANG_WARN_EMPTY_BODY = YES;
				CLANG_WARN_ENUM_CONVERSION = YES;
				CLANG_WARN_INT_CONVERSION = YES;
				CLANG_WARN_OBJC_ROOT_CLASS = YES_ERROR;
				CLANG_WARN__DUPLICATE_METHOD_MATCH = YES;
				"CODE_SIGN_IDENTITY[sdk=iphoneos*]" = "iPhone Developer";
				COPY_PHASE_STRIP = YES;
				ENABLE_NS_ASSERTIONS = NO;
				GCC_C_LANGUAGE_STANDARD = gnu99;
				GCC_WARN_64_TO_32_BIT_CONVERSION = YES;
				GCC_WARN_ABOUT_RETURN_TYPE = YES_ERROR;
				GCC_WARN_UNDECLARED_SELECTOR = YES;
				GCC_WARN_UNINITIALIZED_AUTOS = YES_AGGRESSIVE;
				GCC_WARN_UNUSED_FUNCTION = YES;
				GCC_WARN_UNUSED_VARIABLE = YES;
				IPHONEOS_DEPLOYMENT_TARGET = 7.1;
				SDKROOT = iphoneos;
				TARGETED_DEVICE_FAMILY = 2;
				VALIDATE_PRODUCT = YES;
			};
			name = Release;
		};
		EC5DACCE19A68CFB00556000 /* Debug */ = {
			isa = XCBuildConfiguration;
			baseConfigurationReference = 4D71ABE2CB85458186F15833 /* Pods-iSnippetClient.xcconfig */;
			buildSettings = {
				ASSETCATALOG_COMPILER_APPICON_NAME = AppIcon;
				ASSETCATALOG_COMPILER_LAUNCHIMAGE_NAME = LaunchImage;
				GCC_PRECOMPILE_PREFIX_HEADER = YES;
				GCC_PREFIX_HEADER = "iSnippetClient/iSnippetClient-Prefix.pch";
				INFOPLIST_FILE = "iSnippetClient/iSnippetClient-Info.plist";
				PRODUCT_NAME = "$(TARGET_NAME)";
				WRAPPER_EXTENSION = app;
			};
			name = Debug;
		};
		EC5DACCF19A68CFB00556000 /* Release */ = {
			isa = XCBuildConfiguration;
			baseConfigurationReference = 4D71ABE2CB85458186F15833 /* Pods-iSnippetClient.xcconfig */;
			buildSettings = {
				ASSETCATALOG_COMPILER_APPICON_NAME = AppIcon;
				ASSETCATALOG_COMPILER_LAUNCHIMAGE_NAME = LaunchImage;
				GCC_PRECOMPILE_PREFIX_HEADER = YES;
				GCC_PREFIX_HEADER = "iSnippetClient/iSnippetClient-Prefix.pch";
				INFOPLIST_FILE = "iSnippetClient/iSnippetClient-Info.plist";
				PRODUCT_NAME = "$(TARGET_NAME)";
				WRAPPER_EXTENSION = app;
			};
			name = Release;
		};
		EC5DACD119A68CFB00556000 /* Debug */ = {
			isa = XCBuildConfiguration;
			buildSettings = {
				BUNDLE_LOADER = "$(BUILT_PRODUCTS_DIR)/iSnippetClient.app/iSnippetClient";
				FRAMEWORK_SEARCH_PATHS = (
					"$(SDKROOT)/Developer/Library/Frameworks",
					"$(inherited)",
					"$(DEVELOPER_FRAMEWORKS_DIR)",
				);
				GCC_PRECOMPILE_PREFIX_HEADER = YES;
				GCC_PREFIX_HEADER = "iSnippetClient/iSnippetClient-Prefix.pch";
				GCC_PREPROCESSOR_DEFINITIONS = (
					"DEBUG=1",
					"$(inherited)",
				);
				INFOPLIST_FILE = "iSnippetClientTests/iSnippetClientTests-Info.plist";
				PRODUCT_NAME = "$(TARGET_NAME)";
				TEST_HOST = "$(BUNDLE_LOADER)";
				WRAPPER_EXTENSION = xctest;
			};
			name = Debug;
		};
		EC5DACD219A68CFB00556000 /* Release */ = {
			isa = XCBuildConfiguration;
			buildSettings = {
				BUNDLE_LOADER = "$(BUILT_PRODUCTS_DIR)/iSnippetClient.app/iSnippetClient";
				FRAMEWORK_SEARCH_PATHS = (
					"$(SDKROOT)/Developer/Library/Frameworks",
					"$(inherited)",
					"$(DEVELOPER_FRAMEWORKS_DIR)",
				);
				GCC_PRECOMPILE_PREFIX_HEADER = YES;
				GCC_PREFIX_HEADER = "iSnippetClient/iSnippetClient-Prefix.pch";
				INFOPLIST_FILE = "iSnippetClientTests/iSnippetClientTests-Info.plist";
				PRODUCT_NAME = "$(TARGET_NAME)";
				TEST_HOST = "$(BUNDLE_LOADER)";
				WRAPPER_EXTENSION = xctest;
			};
			name = Release;
		};
/* End XCBuildConfiguration section */

/* Begin XCConfigurationList section */
		EC5DAC9619A68CFB00556000 /* Build configuration list for PBXProject "iSnippetClient" */ = {
			isa = XCConfigurationList;
			buildConfigurations = (
				EC5DACCB19A68CFB00556000 /* Debug */,
				EC5DACCC19A68CFB00556000 /* Release */,
			);
			defaultConfigurationIsVisible = 0;
			defaultConfigurationName = Release;
		};
		EC5DACCD19A68CFB00556000 /* Build configuration list for PBXNativeTarget "iSnippetClient" */ = {
			isa = XCConfigurationList;
			buildConfigurations = (
				EC5DACCE19A68CFB00556000 /* Debug */,
				EC5DACCF19A68CFB00556000 /* Release */,
			);
			defaultConfigurationIsVisible = 0;
			defaultConfigurationName = Release;
		};
		EC5DACD019A68CFB00556000 /* Build configuration list for PBXNativeTarget "iSnippetClientTests" */ = {
			isa = XCConfigurationList;
			buildConfigurations = (
				EC5DACD119A68CFB00556000 /* Debug */,
				EC5DACD219A68CFB00556000 /* Release */,
			);
			defaultConfigurationIsVisible = 0;
			defaultConfigurationName = Release;
		};
/* End XCConfigurationList section */

/* Begin XCVersionGroup section */
		EC5DACB219A68CFB00556000 /* iSnippetClient.xcdatamodeld */ = {
			isa = XCVersionGroup;
			children = (
				EC5DACB319A68CFB00556000 /* iSnippetClient.xcdatamodel */,
			);
			currentVersion = EC5DACB319A68CFB00556000 /* iSnippetClient.xcdatamodel */;
			path = iSnippetClient.xcdatamodeld;
			sourceTree = "<group>";
			versionGroupType = wrapper.xcdatamodel;
		};
/* End XCVersionGroup section */
	};
	rootObject = EC5DAC9319A68CFB00556000 /* Project object */;
}
